{
  "pins" : [
    {
      "identity" : "lottie-ios",
      "kind" : "remoteSourceControl",
      "location" : "https://github.com/airbnb/lottie-ios.git",
      "state" : {
        "revision" : "b04b773957e3e359730590c2e7c16d8c3874ec50",
        "version" : "3.4.1"
      }
    },
    {
      "identity" : "skeletonview",
      "kind" : "remoteSourceControl",
      "location" : "https://github.com/Juanpe/SkeletonView.git",
      "state" : {
        "revision" : "b640c1d8eee79c3a5ad6e0ae1afd2ae0fea30423",
        "version" : "1.29.3"
      }
    }
  ],
  "version" : 2
}
